// !$*UTF8*$!
{
	archiveVersion = 1;
	classes = {
	};
	objectVersion = 50;
	objects = {

/* Begin PBXBuildFile section */
		08FBD1B520B17179002756EF /* AppDelegate.swift in Sources */ = {isa = PBXBuildFile; fileRef = 08FBD1B420B17179002756EF /* AppDelegate.swift */; };
		08FBD1B720B17179002756EF /* ViewController.swift in Sources */ = {isa = PBXBuildFile; fileRef = 08FBD1B620B17179002756EF /* ViewController.swift */; };
		08FBD1BA20B17179002756EF /* Main.storyboard in Resources */ = {isa = PBXBuildFile; fileRef = 08FBD1B820B17179002756EF /* Main.storyboard */; };
		08FBD1BC20B1717A002756EF /* Assets.xcassets in Resources */ = {isa = PBXBuildFile; fileRef = 08FBD1BB20B1717A002756EF /* Assets.xcassets */; };
		08FBD1BF20B1717A002756EF /* LaunchScreen.storyboard in Resources */ = {isa = PBXBuildFile; fileRef = 08FBD1BD20B1717A002756EF /* LaunchScreen.storyboard */; };
		08FBD1CA20B1717A002756EF /* ButtonActionWithAnimationTests.swift in Sources */ = {isa = PBXBuildFile; fileRef = 08FBD1C920B1717A002756EF /* ButtonActionWithAnimationTests.swift */; };
		08FBD1D520B1717A002756EF /* ButtonActionWithAnimationUITests.swift in Sources */ = {isa = PBXBuildFile; fileRef = 08FBD1D420B1717A002756EF /* ButtonActionWithAnimationUITests.swift */; };
/* End PBXBuildFile section */

/* Begin PBXContainerItemProxy section */
		08FBD1C620B1717A002756EF /* PBXContainerItemProxy */ = {
			isa = PBXContainerItemProxy;
			containerPortal = 08FBD1A920B17179002756EF /* Project object */;
			proxyType = 1;
			remoteGlobalIDString = 08FBD1B020B17179002756EF;
			remoteInfo = ButtonActionWithAnimation;
		};
		08FBD1D120B1717A002756EF /* PBXContainerItemProxy */ = {
			isa = PBXContainerItemProxy;
			containerPortal = 08FBD1A920B17179002756EF /* Project object */;
			proxyType = 1;
			remoteGlobalIDString = 08FBD1B020B17179002756EF;
			remoteInfo = ButtonActionWithAnimation;
		};
/* End PBXContainerItemProxy section */

/* Begin PBXFileReference section */
		08FBD1B120B17179002756EF /* ButtonActionWithAnimation.app */ = {isa = PBXFileReference; explicitFileType = wrapper.application; includeInIndex = 0; path = ButtonActionWithAnimation.app; sourceTree = BUILT_PRODUCTS_DIR; };
		08FBD1B420B17179002756EF /* AppDelegate.swift */ = {isa = PBXFileReference; lastKnownFileType = sourcecode.swift; path = AppDelegate.swift; sourceTree = "<group>"; };
		08FBD1B620B17179002756EF /* ViewController.swift */ = {isa = PBXFileReference; lastKnownFileType = sourcecode.swift; path = ViewController.swift; sourceTree = "<group>"; };
		08FBD1B920B17179002756EF /* Base */ = {isa = PBXFileReference; lastKnownFileType = file.storyboard; name = Base; path = Base.lproj/Main.storyboard; sourceTree = "<group>"; };
		08FBD1BB20B1717A002756EF /* Assets.xcassets */ = {isa = PBXFileReference; lastKnownFileType = folder.assetcatalog; path = Assets.xcassets; sourceTree = "<group>"; };
		08FBD1BE20B1717A002756EF /* Base */ = {isa = PBXFileReference; lastKnownFileType = file.storyboard; name = Base; path = Base.lproj/LaunchScreen.storyboard; sourceTree = "<group>"; };
		08FBD1C020B1717A002756EF /* Info.plist */ = {isa = PBXFileReference; lastKnownFileType = text.plist.xml; path = Info.plist; sourceTree = "<group>"; };
		08FBD1C520B1717A002756EF /* ButtonActionWithAnimationTests.xctest */ = {isa = PBXFileReference; explicitFileType = wrapper.cfbundle; includeInIndex = 0; path = ButtonActionWithAnimationTests.xctest; sourceTree = BUILT_PRODUCTS_DIR; };
		08FBD1C920B1717A002756EF /* ButtonActionWithAnimationTests.swift */ = {isa = PBXFileReference; lastKnownFileType = sourcecode.swift; path = ButtonActionWithAnimationTests.swift; sourceTree = "<group>"; };
		08FBD1CB20B1717A002756EF /* Info.plist */ = {isa = PBXFileReference; lastKnownFileType = text.plist.xml; path = Info.plist; sourceTree = "<group>"; };
		08FBD1D020B1717A002756EF /* ButtonActionWithAnimationUITests.xctest */ = {isa = PBXFileReference; explicitFileType = wrapper.cfbundle; includeInIndex = 0; path = ButtonActionWithAnimationUITests.xctest; sourceTree = BUILT_PRODUCTS_DIR; };
		08FBD1D420B1717A002756EF /* ButtonActionWithAnimationUITests.swift */ = {isa = PBXFileReference; lastKnownFileType = sourcecode.swift; path = ButtonActionWithAnimationUITests.swift; sourceTree = "<group>"; };
		08FBD1D620B1717A002756EF /* Info.plist */ = {isa = PBXFileReference; lastKnownFileType = text.plist.xml; path = Info.plist; sourceTree = "<group>"; };
/* End PBXFileReference section */

/* Begin PBXFrameworksBuildPhase section */
		08FBD1AE20B17179002756EF /* Frameworks */ = {
			isa = PBXFrameworksBuildPhase;
			buildActionMask = 2147483647;
			files = (
			);
			runOnlyForDeploymentPostprocessing = 0;
		};
		08FBD1C220B1717A002756EF /* Frameworks */ = {
			isa = PBXFrameworksBuildPhase;
			buildActionMask = 2147483647;
			files = (
			);
			runOnlyForDeploymentPostprocessing = 0;
		};
		08FBD1CD20B1717A002756EF /* Frameworks */ = {
			isa = PBXFrameworksBuildPhase;
			buildActionMask = 2147483647;
			files = (
			);
			runOnlyForDeploymentPostprocessing = 0;
		};
/* End PBXFrameworksBuildPhase section */

/* Begin PBXGroup section */
		08FBD1A820B17179002756EF = {
			isa = PBXGroup;
			children = (
				08FBD1B320B17179002756EF /* ButtonActionWithAnimation */,
				08FBD1C820B1717A002756EF /* ButtonActionWithAnimationTests */,
				08FBD1D320B1717A002756EF /* ButtonActionWithAnimationUITests */,
				08FBD1B220B17179002756EF /* Products */,
			);
			sourceTree = "<group>";
		};
		08FBD1B220B17179002756EF /* Products */ = {
			isa = PBXGroup;
			children = (
				08FBD1B120B17179002756EF /* ButtonActionWithAnimation.app */,
				08FBD1C520B1717A002756EF /* ButtonActionWithAnimationTests.xctest */,
				08FBD1D020B1717A002756EF /* ButtonActionWithAnimationUITests.xctest */,
			);
			name = Products;
			sourceTree = "<group>";
		};
		08FBD1B320B17179002756EF /* ButtonActionWithAnimation */ = {
			isa = PBXGroup;
			children = (
				08FBD1B420B17179002756EF /* AppDelegate.swift */,
				08FBD1B620B17179002756EF /* ViewController.swift */,
				08FBD1B820B17179002756EF /* Main.storyboard */,
				08FBD1BB20B1717A002756EF /* Assets.xcassets */,
				08FBD1BD20B1717A002756EF /* LaunchScreen.storyboard */,
				08FBD1C020B1717A002756EF /* Info.plist */,
			);
			path = ButtonActionWithAnimation;
			sourceTree = "<group>";
		};
		08FBD1C820B1717A002756EF /* ButtonActionWithAnimationTests */ = {
			isa = PBXGroup;
			children = (
				08FBD1C920B1717A002756EF /* ButtonActionWithAnimationTests.swift */,
				08FBD1CB20B1717A002756EF /* Info.plist */,
			);
			path = ButtonActionWithAnimationTests;
			sourceTree = "<group>";
		};
		08FBD1D320B1717A002756EF /* ButtonActionWithAnimationUITests */ = {
			isa = PBXGroup;
			children = (
				08FBD1D420B1717A002756EF /* ButtonActionWithAnimationUITests.swift */,
				08FBD1D620B1717A002756EF /* Info.plist */,
			);
			path = ButtonActionWithAnimationUITests;
			sourceTree = "<group>";
		};
/* End PBXGroup section */

/* Begin PBXNativeTarget section */
		08FBD1B020B17179002756EF /* ButtonActionWithAnimation */ = {
			isa = PBXNativeTarget;
			buildConfigurationList = 08FBD1D920B1717A002756EF /* Build configuration list for PBXNativeTarget "ButtonActionWithAnimation" */;
			buildPhases = (
				08FBD1AD20B17179002756EF /* Sources */,
				08FBD1AE20B17179002756EF /* Frameworks */,
				08FBD1AF20B17179002756EF /* Resources */,
			);
			buildRules = (
			);
			dependencies = (
			);
			name = ButtonActionWithAnimation;
			productName = ButtonActionWithAnimation;
			productReference = 08FBD1B120B17179002756EF /* ButtonActionWithAnimation.app */;
			productType = "com.apple.product-type.application";
		};
		08FBD1C420B1717A002756EF /* ButtonActionWithAnimationTests */ = {
			isa = PBXNativeTarget;
			buildConfigurationList = 08FBD1DC20B1717A002756EF /* Build configuration list for PBXNativeTarget "ButtonActionWithAnimationTests" */;
			buildPhases = (
				08FBD1C120B1717A002756EF /* Sources */,
				08FBD1C220B1717A002756EF /* Frameworks */,
				08FBD1C320B1717A002756EF /* Resources */,
			);
			buildRules = (
			);
			dependencies = (
				08FBD1C720B1717A002756EF /* PBXTargetDependency */,
			);
			name = ButtonActionWithAnimationTests;
			productName = ButtonActionWithAnimationTests;
			productReference = 08FBD1C520B1717A002756EF /* ButtonActionWithAnimationTests.xctest */;
			productType = "com.apple.product-type.bundle.unit-test";
		};
		08FBD1CF20B1717A002756EF /* ButtonActionWithAnimationUITests */ = {
			isa = PBXNativeTarget;
			buildConfigurationList = 08FBD1DF20B1717A002756EF /* Build configuration list for PBXNativeTarget "ButtonActionWithAnimationUITests" */;
			buildPhases = (
				08FBD1CC20B1717A002756EF /* Sources */,
				08FBD1CD20B1717A002756EF /* Frameworks */,
				08FBD1CE20B1717A002756EF /* Resources */,
			);
			buildRules = (
			);
			dependencies = (
				08FBD1D220B1717A002756EF /* PBXTargetDependency */,
			);
			name = ButtonActionWithAnimationUITests;
			productName = ButtonActionWithAnimationUITests;
			productReference = 08FBD1D020B1717A002756EF /* ButtonActionWithAnimationUITests.xctest */;
			productType = "com.apple.product-type.bundle.ui-testing";
		};
/* End PBXNativeTarget section */

/* Begin PBXProject section */
		08FBD1A920B17179002756EF /* Project object */ = {
			isa = PBXProject;
			attributes = {
				LastSwiftUpdateCheck = 0930;
				LastUpgradeCheck = 0930;
				ORGANIZATIONNAME = "Sundir Talari";
				TargetAttributes = {
					08FBD1B020B17179002756EF = {
						CreatedOnToolsVersion = 9.3.1;
					};
					08FBD1C420B1717A002756EF = {
						CreatedOnToolsVersion = 9.3.1;
						TestTargetID = 08FBD1B020B17179002756EF;
					};
					08FBD1CF20B1717A002756EF = {
						CreatedOnToolsVersion = 9.3.1;
						TestTargetID = 08FBD1B020B17179002756EF;
					};
				};
			};
			buildConfigurationList = 08FBD1AC20B17179002756EF /* Build configuration list for PBXProject "ButtonActionWithAnimation" */;
			compatibilityVersion = "Xcode 9.3";
			developmentRegion = en;
			hasScannedForEncodings = 0;
			knownRegions = (
				en,
				Base,
			);
			mainGroup = 08FBD1A820B17179002756EF;
			productRefGroup = 08FBD1B220B17179002756EF /* Products */;
			projectDirPath = "";
			projectRoot = "";
			targets = (
				08FBD1B020B17179002756EF /* ButtonActionWithAnimation */,
				08FBD1C420B1717A002756EF /* ButtonActionWithAnimationTests */,
				08FBD1CF20B1717A002756EF /* ButtonActionWithAnimationUITests */,
			);
		};
/* End PBXProject section */

/* Begin PBXResourcesBuildPhase section */
		08FBD1AF20B17179002756EF /* Resources */ = {
			isa = PBXResourcesBuildPhase;
			buildActionMask = 2147483647;
			files = (
				08FBD1BF20B1717A002756EF /* LaunchScreen.storyboard in Resources */,
				08FBD1BC20B1717A002756EF /* Assets.xcassets in Resources */,
				08FBD1BA20B17179002756EF /* Main.storyboard in Resources */,
			);
			runOnlyForDeploymentPostprocessing = 0;
		};
		08FBD1C320B1717A002756EF /* Resources */ = {
			isa = PBXResourcesBuildPhase;
			buildActionMask = 2147483647;
			files = (
			);
			runOnlyForDeploymentPostprocessing = 0;
		};
		08FBD1CE20B1717A002756EF /* Resources */ = {
			isa = PBXResourcesBuildPhase;
			buildActionMask = 2147483647;
			files = (
			);
			runOnlyForDeploymentPostprocessing = 0;
		};
/* End PBXResourcesBuildPhase section */

/* Begin PBXSourcesBuildPhase section */
		08FBD1AD20B17179002756EF /* Sources */ = {
			isa = PBXSourcesBuildPhase;
			buildActionMask = 2147483647;
			files = (
				08FBD1B720B17179002756EF /* ViewController.swift in Sources */,
				08FBD1B520B17179002756EF /* AppDelegate.swift in Sources */,
			);
			runOnlyForDeploymentPostprocessing = 0;
		};
		08FBD1C120B1717A002756EF /* Sources */ = {
			isa = PBXSourcesBuildPhase;
			buildActionMask = 2147483647;
			files = (
				08FBD1CA20B1717A002756EF /* ButtonActionWithAnimationTests.swift in Sources */,
			);
			runOnlyForDeploymentPostprocessing = 0;
		};
		08FBD1CC20B1717A002756EF /* Sources */ = {
			isa = PBXSourcesBuildPhase;
			buildActionMask = 2147483647;
			files = (
				08FBD1D520B1717A002756EF /* ButtonActionWithAnimationUITests.swift in Sources */,
			);
			runOnlyForDeploymentPostprocessing = 0;
		};
/* End PBXSourcesBuildPhase section */

/* Begin PBXTargetDependency section */
		08FBD1C720B1717A002756EF /* PBXTargetDependency */ = {
			isa = PBXTargetDependency;
			target = 08FBD1B020B17179002756EF /* ButtonActionWithAnimation */;
			targetProxy = 08FBD1C620B1717A002756EF /* PBXContainerItemProxy */;
		};
		08FBD1D220B1717A002756EF /* PBXTargetDependency */ = {
			isa = PBXTargetDependency;
			target = 08FBD1B020B17179002756EF /* ButtonActionWithAnimation */;
			targetProxy = 08FBD1D120B1717A002756EF /* PBXContainerItemProxy */;
		};
/* End PBXTargetDependency section */

/* Begin PBXVariantGroup section */
		08FBD1B820B17179002756EF /* Main.storyboard */ = {
			isa = PBXVariantGroup;
			children = (
				08FBD1B920B17179002756EF /* Base */,
			);
			name = Main.storyboard;
			sourceTree = "<group>";
		};
		08FBD1BD20B1717A002756EF /* LaunchScreen.storyboard */ = {
			isa = PBXVariantGroup;
			children = (
				08FBD1BE20B1717A002756EF /* Base */,
			);
			name = LaunchScreen.storyboard;
			sourceTree = "<group>";
		};
/* End PBXVariantGroup section */

/* Begin XCBuildConfiguration section */
		08FBD1D720B1717A002756EF /* Debug */ = {
			isa = XCBuildConfiguration;
			buildSettings = {
				ALWAYS_SEARCH_USER_PATHS = NO;
				CLANG_ANALYZER_NONNULL = YES;
				CLANG_ANALYZER_NUMBER_OBJECT_CONVERSION = YES_AGGRESSIVE;
				CLANG_CXX_LANGUAGE_STANDARD = "gnu++14";
				CLANG_CXX_LIBRARY = "libc++";
				CLANG_ENABLE_MODULES = YES;
				CLANG_ENABLE_OBJC_ARC = YES;
				CLANG_ENABLE_OBJC_WEAK = YES;
				CLANG_WARN_BLOCK_CAPTURE_AUTORELEASING = YES;
				CLANG_WARN_BOOL_CONVERSION = YES;
				CLANG_WARN_COMMA = YES;
				CLANG_WARN_CONSTANT_CONVERSION = YES;
				CLANG_WARN_DEPRECATED_OBJC_IMPLEMENTATIONS = YES;
				CLANG_WARN_DIRECT_OBJC_ISA_USAGE = YES_ERROR;
				CLANG_WARN_DOCUMENTATION_COMMENTS = YES;
				CLANG_WARN_EMPTY_BODY = YES;
				CLANG_WARN_ENUM_CONVERSION = YES;
				CLANG_WARN_INFINITE_RECURSION = YES;
				CLANG_WARN_INT_CONVERSION = YES;
				CLANG_WARN_NON_LITERAL_NULL_CONVERSION = YES;
				CLANG_WARN_OBJC_IMPLICIT_RETAIN_SELF = YES;
				CLANG_WARN_OBJC_LITERAL_CONVERSION = YES;
				CLANG_WARN_OBJC_ROOT_CLASS = YES_ERROR;
				CLANG_WARN_RANGE_LOOP_ANALYSIS = YES;
				CLANG_WARN_STRICT_PROTOTYPES = YES;
				CLANG_WARN_SUSPICIOUS_MOVE = YES;
				CLANG_WARN_UNGUARDED_AVAILABILITY = YES_AGGRESSIVE;
				CLANG_WARN_UNREACHABLE_CODE = YES;
				CLANG_WARN__DUPLICATE_METHOD_MATCH = YES;
				CODE_SIGN_IDENTITY = "iPhone Developer";
				COPY_PHASE_STRIP = NO;
				DEBUG_INFORMATION_FORMAT = dwarf;
				ENABLE_STRICT_OBJC_MSGSEND = YES;
				ENABLE_TESTABILITY = YES;
				GCC_C_LANGUAGE_STANDARD = gnu11;
				GCC_DYNAMIC_NO_PIC = NO;
				GCC_NO_COMMON_BLOCKS = YES;
				GCC_OPTIMIZATION_LEVEL = 0;
				GCC_PREPROCESSOR_DEFINITIONS = (
					"DEBUG=1",
					"$(inherited)",
				);
				GCC_WARN_64_TO_32_BIT_CONVERSION = YES;
				GCC_WARN_ABOUT_RETURN_TYPE = YES_ERROR;
				GCC_WARN_UNDECLARED_SELECTOR = YES;
				GCC_WARN_UNINITIALIZED_AUTOS = YES_AGGRESSIVE;
				GCC_WARN_UNUSED_FUNCTION = YES;
				GCC_WARN_UNUSED_VARIABLE = YES;
				IPHONEOS_DEPLOYMENT_TARGET = 11.3;
				MTL_ENABLE_DEBUG_INFO = YES;
				ONLY_ACTIVE_ARCH = YES;
				SDKROOT = iphoneos;
				SWIFT_ACTIVE_COMPILATION_CONDITIONS = DEBUG;
				SWIFT_OPTIMIZATION_LEVEL = "-Onone";
			};
			name = Debug;
		};
		08FBD1D820B1717A002756EF /* Release */ = {
			isa = XCBuildConfiguration;
			buildSettings = {
				ALWAYS_SEARCH_USER_PATHS = NO;
				CLANG_ANALYZER_NONNULL = YES;
				CLANG_ANALYZER_NUMBER_OBJECT_CONVERSION = YES_AGGRESSIVE;
				CLANG_CXX_LANGUAGE_STANDARD = "gnu++14";
				CLANG_CXX_LIBRARY = "libc++";
				CLANG_ENABLE_MODULES = YES;
				CLANG_ENABLE_OBJC_ARC = YES;
				CLANG_ENABLE_OBJC_WEAK = YES;
				CLANG_WARN_BLOCK_CAPTURE_AUTORELEASING = YES;
				CLANG_WARN_BOOL_CONVERSION = YES;
				CLANG_WARN_COMMA = YES;
				CLANG_WARN_CONSTANT_CONVERSION = YES;
				CLANG_WARN_DEPRECATED_OBJC_IMPLEMENTATIONS = YES;
				CLANG_WARN_DIRECT_OBJC_ISA_USAGE = YES_ERROR;
				CLANG_WARN_DOCUMENTATION_COMMENTS = YES;
				CLANG_WARN_EMPTY_BODY = YES;
				CLANG_WARN_ENUM_CONVERSION = YES;
				CLANG_WARN_INFINITE_RECURSION = YES;
				CLANG_WARN_INT_CONVERSION = YES;
				CLANG_WARN_NON_LITERAL_NULL_CONVERSION = YES;
				CLANG_WARN_OBJC_IMPLICIT_RETAIN_SELF = YES;
				CLANG_WARN_OBJC_LITERAL_CONVERSION = YES;
				CLANG_WARN_OBJC_ROOT_CLASS = YES_ERROR;
				CLANG_WARN_RANGE_LOOP_ANALYSIS = YES;
				CLANG_WARN_STRICT_PROTOTYPES = YES;
				CLANG_WARN_SUSPICIOUS_MOVE = YES;
				CLANG_WARN_UNGUARDED_AVAILABILITY = YES_AGGRESSIVE;
				CLANG_WARN_UNREACHABLE_CODE = YES;
				CLANG_WARN__DUPLICATE_METHOD_MATCH = YES;
				CODE_SIGN_IDENTITY = "iPhone Developer";
				COPY_PHASE_STRIP = NO;
				DEBUG_INFORMATION_FORMAT = "dwarf-with-dsym";
				ENABLE_NS_ASSERTIONS = NO;
				ENABLE_STRICT_OBJC_MSGSEND = YES;
				GCC_C_LANGUAGE_STANDARD = gnu11;
				GCC_NO_COMMON_BLOCKS = YES;
				GCC_WARN_64_TO_32_BIT_CONVERSION = YES;
				GCC_WARN_ABOUT_RETURN_TYPE = YES_ERROR;
				GCC_WARN_UNDECLARED_SELECTOR = YES;
				GCC_WARN_UNINITIALIZED_AUTOS = YES_AGGRESSIVE;
				GCC_WARN_UNUSED_FUNCTION = YES;
				GCC_WARN_UNUSED_VARIABLE = YES;
				IPHONEOS_DEPLOYMENT_TARGET = 11.3;
				MTL_ENABLE_DEBUG_INFO = NO;
				SDKROOT = iphoneos;
				SWIFT_COMPILATION_MODE = wholemodule;
				SWIFT_OPTIMIZATION_LEVEL = "-O";
				VALIDATE_PRODUCT = YES;
			};
			name = Release;
		};
		08FBD1DA20B1717A002756EF /* Debug */ = {
			isa = XCBuildConfiguration;
			buildSettings = {
				ASSETCATALOG_COMPILER_APPICON_NAME = AppIcon;
				CODE_SIGN_STYLE = Automatic;
				INFOPLIST_FILE = ButtonActionWithAnimation/Info.plist;
				LD_RUNPATH_SEARCH_PATHS = (
					"$(inherited)",
					"@executable_path/Frameworks",
				);
				PRODUCT_BUNDLE_IDENTIFIER = com.peers.ButtonActionWithAnimation;
				PRODUCT_NAME = "$(TARGET_NAME)";
				SWIFT_VERSION = 4.0;
				TARGETED_DEVICE_FAMILY = "1,2";
			};
			name = Debug;
		};
		08FBD1DB20B1717A002756EF /* Release */ = {
			isa = XCBuildConfiguration;
			buildSettings = {
				ASSETCATALOG_COMPILER_APPICON_NAME = AppIcon;
				CODE_SIGN_STYLE = Automatic;
				INFOPLIST_FILE = ButtonActionWithAnimation/Info.plist;
				LD_RUNPATH_SEARCH_PATHS = (
					"$(inherited)",
					"@executable_path/Frameworks",
				);
				PRODUCT_BUNDLE_IDENTIFIER = com.peers.ButtonActionWithAnimation;
				PRODUCT_NAME = "$(TARGET_NAME)";
				SWIFT_VERSION = 4.0;
				TARGETED_DEVICE_FAMILY = "1,2";
			};
			name = Release;
		};
		08FBD1DD20B1717A002756EF /* Debug */ = {
			isa = XCBuildConfiguration;
			buildSettings = {
				ALWAYS_EMBED_SWIFT_STANDARD_LIBRARIES = YES;
				BUNDLE_LOADER = "$(TEST_HOST)";
				CODE_SIGN_STYLE = Automatic;
				INFOPLIST_FILE = ButtonActionWithAnimationTests/Info.plist;
				LD_RUNPATH_SEARCH_PATHS = (
					"$(inherited)",
					"@executable_path/Frameworks",
					"@loader_path/Frameworks",
				);
				PRODUCT_BUNDLE_IDENTIFIER = com.peers.ButtonActionWithAnimationTests;
				PRODUCT_NAME = "$(TARGET_NAME)";
				SWIFT_VERSION = 4.0;
				TARGETED_DEVICE_FAMILY = "1,2";
				TEST_HOST = "$(BUILT_PRODUCTS_DIR)/ButtonActionWithAnimation.app/ButtonActionWithAnimation";
			};
			name = Debug;
		};
		08FBD1DE20B1717A002756EF /* Release */ = {
			isa = XCBuildConfiguration;
			buildSettings = {
				ALWAYS_EMBED_SWIFT_STANDARD_LIBRARIES = YES;
				BUNDLE_LOADER = "$(TEST_HOST)";
				CODE_SIGN_STYLE = Automatic;
				INFOPLIST_FILE = ButtonActionWithAnimationTests/Info.plist;
				LD_RUNPATH_SEARCH_PATHS = (
					"$(inherited)",
					"@executable_path/Frameworks",
					"@loader_path/Frameworks",
				);
				PRODUCT_BUNDLE_IDENTIFIER = com.peers.ButtonActionWithAnimationTests;
				PRODUCT_NAME = "$(TARGET_NAME)";
				SWIFT_VERSION = 4.0;
				TARGETED_DEVICE_FAMILY = "1,2";
				TEST_HOST = "$(BUILT_PRODUCTS_DIR)/ButtonActionWithAnimation.app/ButtonActionWithAnimation";
			};
			name = Release;
		};
		08FBD1E020B1717A002756EF /* Debug */ = {
			isa = XCBuildConfiguration;
			buildSettings = {
				ALWAYS_EMBED_SWIFT_STANDARD_LIBRARIES = YES;
				CODE_SIGN_STYLE = Automatic;
				INFOPLIST_FILE = ButtonActionWithAnimationUITests/Info.plist;
				LD_RUNPATH_SEARCH_PATHS = (
					"$(inherited)",
					"@executable_path/Frameworks",
					"@loader_path/Frameworks",
				);
				PRODUCT_BUNDLE_IDENTIFIER = com.peers.ButtonActionWithAnimationUITests;
				PRODUCT_NAME = "$(TARGET_NAME)";
				SWIFT_VERSION = 4.0;
				TARGETED_DEVICE_FAMILY = "1,2";
				TEST_TARGET_NAME = ButtonActionWithAnimation;
			};
			name = Debug;
		};
		08FBD1E120B1717A002756EF /* Release */ = {
			isa = XCBuildConfiguration;
			buildSettings = {
				ALWAYS_EMBED_SWIFT_STANDARD_LIBRARIES = YES;
				CODE_SIGN_STYLE = Automatic;
				INFOPLIST_FILE = ButtonActionWithAnimationUITests/Info.plist;
				LD_RUNPATH_SEARCH_PATHS = (
					"$(inherited)",
					"@executable_path/Frameworks",
					"@loader_path/Frameworks",
				);
				PRODUCT_BUNDLE_IDENTIFIER = com.peers.ButtonActionWithAnimationUITests;
				PRODUCT_NAME = "$(TARGET_NAME)";
				SWIFT_VERSION = 4.0;
				TARGETED_DEVICE_FAMILY = "1,2";
				TEST_TARGET_NAME = ButtonActionWithAnimation;
			};
			name = Release;
		};
/* End XCBuildConfiguration section */

/* Begin XCConfigurationList section */
		08FBD1AC20B17179002756EF /* Build configuration list for PBXProject "ButtonActionWithAnimation" */ = {
			isa = XCConfigurationList;
			buildConfigurations = (
				08FBD1D720B1717A002756EF /* Debug */,
				08FBD1D820B1717A002756EF /* Release */,
			);
			defaultConfigurationIsVisible = 0;
			defaultConfigurationName = Release;
		};
		08FBD1D920B1717A002756EF /* Build configuration list for PBXNativeTarget "ButtonActionWithAnimation" */ = {
			isa = XCConfigurationList;
			buildConfigurations = (
				08FBD1DA20B1717A002756EF /* Debug */,
				08FBD1DB20B1717A002756EF /* Release */,
			);
			defaultConfigurationIsVisible = 0;
			defaultConfigurationName = Release;
		};
		08FBD1DC20B1717A002756EF /* Build configuration list for PBXNativeTarget "ButtonActionWithAnimationTests" */ = {
			isa = XCConfigurationList;
			buildConfigurations = (
				08FBD1DD20B1717A002756EF /* Debug */,
				08FBD1DE20B1717A002756EF /* Release */,
			);
			defaultConfigurationIsVisible = 0;
			defaultConfigurationName = Release;
		};
		08FBD1DF20B1717A002756EF /* Build configuration list for PBXNativeTarget "ButtonActionWithAnimationUITests" */ = {
			isa = XCConfigurationList;
			buildConfigurations = (
				08FBD1E020B1717A002756EF /* Debug */,
				08FBD1E120B1717A002756EF /* Release */,
			);
			defaultConfigurationIsVisible = 0;
			defaultConfigurationName = Release;
		};
/* End XCConfigurationList section */
	};
	rootObject = 08FBD1A920B17179002756EF /* Project object */;
}
